
Microsoft Visual Studio Solution File, Format Version 11.00
# Visual Studio 2010
Project("{FAE04EC0-301F-11D3-BF4B-00C04F79EFBC}") = "MongoDBWPFLocalDB", "MongoDBWPFLocalDB\MongoDBWPFLocalDB.csproj", "{23B334C4-3D71-47DD-BF67-D4F9C4F0FB44}"
EndProject
Project("{FAE04EC0-301F-11D3-BF4B-00C04F79EFBC}") = "MVCMongodbCrudOpration", "MVCMongodbCrudOpration\MVCMongodbCrudOpration.csproj", "{CEEE60D1-2EDA-48C4-B08D-D462A8F0A212}"
EndProject
Global
	GlobalSection(SolutionConfigurationPlatforms) = preSolution
		Debug|Any CPU = Debug|Any CPU
		Debug|Mixed Platforms = Debug|Mixed Platforms
		Debug|x86 = Debug|x86
		Release|Any CPU = Release|Any CPU
		Release|Mixed Platforms = Release|Mixed Platforms
		Release|x86 = Release|x86
	EndGlobalSection
	GlobalSection(ProjectConfigurationPlatforms) = postSolution
		{23B334C4-3D71-47DD-BF67-D4F9C4F0FB44}.Debug|Any CPU.ActiveCfg = Debug|x86
		{23B334C4-3D71-47DD-BF67-D4F9C4F0FB44}.Debug|Mixed Platforms.ActiveCfg = Debug|x86
		{23B334C4-3D71-47DD-BF67-D4F9C4F0FB44}.Debug|Mixed Platforms.Build.0 = Debug|x86
		{23B334C4-3D71-47DD-BF67-D4F9C4F0FB44}.Debug|x86.ActiveCfg = Debug|x86
		{23B334C4-3D71-47DD-BF67-D4F9C4F0FB44}.Debug|x86.Build.0 = Debug|x86
		{23B334C4-3D71-47DD-BF67-D4F9C4F0FB44}.Release|Any CPU.ActiveCfg = Release|x86
		{23B334C4-3D71-47DD-BF67-D4F9C4F0FB44}.Release|Mixed Platforms.ActiveCfg = Release|x86
		{23B334C4-3D71-47DD-BF67-D4F9C4F0FB44}.Release|Mixed Platforms.Build.0 = Release|x86
		{23B334C4-3D71-47DD-BF67-D4F9C4F0FB44}.Release|x86.ActiveCfg = Release|x86
		{23B334C4-3D71-47DD-BF67-D4F9C4F0FB44}.Release|x86.Build.0 = Release|x86
		{CEEE60D1-2EDA-48C4-B08D-D462A8F0A212}.Debug|Any CPU.ActiveCfg = Debug|Any CPU
		{CEEE60D1-2EDA-48C4-B08D-D462A8F0A212}.Debug|Any CPU.Build.0 = Debug|Any CPU
		{CEEE60D1-2EDA-48C4-B08D-D462A8F0A212}.Debug|Mixed Platforms.ActiveCfg = Debug|Any CPU
		{CEEE60D1-2EDA-48C4-B08D-D462A8F0A212}.Debug|Mixed Platforms.Build.0 = Debug|Any CPU
		{CEEE60D1-2EDA-48C4-B08D-D462A8F0A212}.Debug|x86.ActiveCfg = Debug|Any CPU
		{CEEE60D1-2EDA-48C4-B08D-D462A8F0A212}.Release|Any CPU.ActiveCfg = Release|Any CPU
		{CEEE60D1-2EDA-48C4-B08D-D462A8F0A212}.Release|Any CPU.Build.0 = Release|Any CPU
		{CEEE60D1-2EDA-48C4-B08D-D462A8F0A212}.Release|Mixed Platforms.ActiveCfg = Release|Any CPU
		{CEEE60D1-2EDA-48C4-B08D-D462A8F0A212}.Release|Mixed Platforms.Build.0 = Release|Any CPU
		{CEEE60D1-2EDA-48C4-B08D-D462A8F0A212}.Release|x86.ActiveCfg = Release|Any CPU
	EndGlobalSection
	GlobalSection(SolutionProperties) = preSolution
		HideSolutionNode = FALSE
	EndGlobalSection
EndGlobal
